
Microsoft Visual Studio Solution File, Format Version 12.00
# Visual Studio Version 17
VisualStudioVersion = 17.3.32901.215
MinimumVisualStudioVersion = 10.0.40219.1
Project("{FAE04EC0-301F-11D3-BF4B-00C04F79EFBC}") = "passport28", "passport28\passport28.csproj", "{9FEB726A-BD80-4F02-8338-9E1984286560}"
EndProject
Global
	GlobalSection(SolutionConfigurationPlatforms) = preSolution
		Debug|Any CPU = Debug|Any CPU
		Release|Any CPU = Release|Any CPU
	EndGlobalSection
	GlobalSection(ProjectConfigurationPlatforms) = postSolution
		{9FEB726A-BD80-4F02-8338-9E1984286560}.Debug|Any CPU.ActiveCfg = Debug|Any CPU
		{9FEB726A-BD80-4F02-8338-9E1984286560}.Debug|Any CPU.Build.0 = Debug|Any CPU
		{9FEB726A-BD80-4F02-8338-9E1984286560}.Release|Any CPU.ActiveCfg = Release|Any CPU
		{9FEB726A-BD80-4F02-8338-9E1984286560}.Release|Any CPU.Build.0 = Release|Any CPU
	EndGlobalSection
	GlobalSection(SolutionProperties) = preSolution
		HideSolutionNode = FALSE
	EndGlobalSection
	GlobalSection(ExtensibilityGlobals) = postSolution
		SolutionGuid = {C5BBADEB-E2FF-40A5-9DBD-DDDF06CCB73B}
	EndGlobalSection
EndGlobal
